dependencies:
  espressif/esp_lvgl_port:
    component_hash: ff682937ac7f94653e45719f888db637830e90dd0ba3ff5b72d2c808c7a93949
    dependencies:
    - name: idf
      require: private
      version: '>=4.4'
    - name: lvgl/lvgl
      registry_url: https://components.espressif.com
      require: public
      version: '>=8,<10'
    source:
      registry_url: https://components.espressif.com/
      type: service
    version: 2.4.1
  idf:
    source:
      type: idf
    version: 5.4.0
  lvgl/lvgl:
    component_hash: d7c1ac037ae6e85d94897f807d6e7ba0946a83e720074fc95a4f6241da9f9f53
    dependencies: []
    source:
      registry_url: https://components.espressif.com/
      type: service
    version: 8.4.0
direct_dependencies:
- espressif/esp_lvgl_port
- idf
- lvgl/lvgl
manifest_hash: 4d22193101c18ee11370590bf1a5f7be65523ee18360c0c216a4ab2d8922b03e
target: esp32
version: 2.0.0
